# This file was autogenerated by Stack.
# You should not edit this file by hand.
# For more information, please see the documentation at:
#   https://docs.haskellstack.org/en/stable/lock_files

packages:
- completed:
    hackage: envparse-0.4.1@sha256:989902e6368532548f61de1fa245ad2b39176cddd8743b20071af519a709ce30,2842
    pantry-tree:
      size: 1180
      sha256: 35044d67979fe2a5cff05cf8736a06a265592433cdd03e13a72908ceed892612
  original:
    hackage: envparse-0.4.1@sha256:989902e6368532548f61de1fa245ad2b39176cddd8743b20071af519a709ce30,2842
- completed:
    hackage: yamlparse-applicative-0.1.0.2@sha256:bda91f2818c1b5b124963931cb7f9a4e5758d026c09713e9ae2234534062747d,2133
    pantry-tree:
      size: 799
      sha256: d7f9dc8e45e6c100a902f0595e6090169705d9451793ef1cb896237334a1b529
  original:
    hackage: yamlparse-applicative-0.1.0.2@sha256:bda91f2818c1b5b124963931cb7f9a4e5758d026c09713e9ae2234534062747d,2133
- completed:
    size: 113473
    subdir: genvalidity
    url: https://github.com/NorfairKing/validity/archive/466bb2f140e62cae0d4fe3770681c3d74e99cf40.tar.gz
    name: genvalidity
    version: 1.0.0.1
    sha256: 23deb3975d833fdcb093c49a65fd0cc5e976c9dd9da47baf382ed7f5b42b39e9
    pantry-tree:
      size: 696
      sha256: de1817587524f3ed42da4a5770044979c9c267d541d45c2ffe0320f2cdd5442e
  original:
    subdir: genvalidity
    url: https://github.com/NorfairKing/validity/archive/466bb2f140e62cae0d4fe3770681c3d74e99cf40.tar.gz
- completed:
    size: 113473
    subdir: genvalidity-aeson
    url: https://github.com/NorfairKing/validity/archive/466bb2f140e62cae0d4fe3770681c3d74e99cf40.tar.gz
    name: genvalidity-aeson
    version: 1.0.0.0
    sha256: 23deb3975d833fdcb093c49a65fd0cc5e976c9dd9da47baf382ed7f5b42b39e9
    pantry-tree:
      size: 464
      sha256: 12c5a20c290b8416c47a6726510942eab95eecc77e53a7929224e10685f002e9
  original:
    subdir: genvalidity-aeson
    url: https://github.com/NorfairKing/validity/archive/466bb2f140e62cae0d4fe3770681c3d74e99cf40.tar.gz
- completed:
    size: 113473
    subdir: genvalidity-bytestring
    url: https://github.com/NorfairKing/validity/archive/466bb2f140e62cae0d4fe3770681c3d74e99cf40.tar.gz
    name: genvalidity-bytestring
    version: 1.0.0.0
    sha256: 23deb3975d833fdcb093c49a65fd0cc5e976c9dd9da47baf382ed7f5b42b39e9
    pantry-tree:
      size: 485
      sha256: 5d91f5d9be5264667c22b5986b4babf19bfe7a172e77b5223ea4b9a2f82468cc
  original:
    subdir: genvalidity-bytestring
    url: https://github.com/NorfairKing/validity/archive/466bb2f140e62cae0d4fe3770681c3d74e99cf40.tar.gz
- completed:
    size: 113473
    subdir: genvalidity-containers
    url: https://github.com/NorfairKing/validity/archive/466bb2f140e62cae0d4fe3770681c3d74e99cf40.tar.gz
    name: genvalidity-containers
    version: 1.0.0.0
    sha256: 23deb3975d833fdcb093c49a65fd0cc5e976c9dd9da47baf382ed7f5b42b39e9
    pantry-tree:
      size: 1014
      sha256: 09951bbf1f9d59d8840c5e11c5cccfafecee586c8920c88057cafea32a6010b2
  original:
    subdir: genvalidity-containers
    url: https://github.com/NorfairKing/validity/archive/466bb2f140e62cae0d4fe3770681c3d74e99cf40.tar.gz
- completed:
    size: 113473
    subdir: genvalidity-criterion
    url: https://github.com/NorfairKing/validity/archive/466bb2f140e62cae0d4fe3770681c3d74e99cf40.tar.gz
    name: genvalidity-criterion
    version: 1.0.0.0
    sha256: 23deb3975d833fdcb093c49a65fd0cc5e976c9dd9da47baf382ed7f5b42b39e9
    pantry-tree:
      size: 351
      sha256: 6cc53a130a14e997027565fe46251617dcab8037322ee35fb9abedcb68a3d914
  original:
    subdir: genvalidity-criterion
    url: https://github.com/NorfairKing/validity/archive/466bb2f140e62cae0d4fe3770681c3d74e99cf40.tar.gz
- completed:
    size: 113473
    subdir: genvalidity-hspec
    url: https://github.com/NorfairKing/validity/archive/466bb2f140e62cae0d4fe3770681c3d74e99cf40.tar.gz
    name: genvalidity-hspec
    version: 1.0.0.0
    sha256: 23deb3975d833fdcb093c49a65fd0cc5e976c9dd9da47baf382ed7f5b42b39e9
    pantry-tree:
      size: 1982
      sha256: 6a5a7dcfaaa41411e5b5ebfa9ca0ce0908636e92479c942abea243f87b622a7c
  original:
    subdir: genvalidity-hspec
    url: https://github.com/NorfairKing/validity/archive/466bb2f140e62cae0d4fe3770681c3d74e99cf40.tar.gz
- completed:
    size: 113473
    subdir: genvalidity-hspec-aeson
    url: https://github.com/NorfairKing/validity/archive/466bb2f140e62cae0d4fe3770681c3d74e99cf40.tar.gz
    name: genvalidity-hspec-aeson
    version: 1.0.0.0
    sha256: 23deb3975d833fdcb093c49a65fd0cc5e976c9dd9da47baf382ed7f5b42b39e9
    pantry-tree:
      size: 463
      sha256: de9003dbf94cb20de64404ae725e64bcdbcb2e70d835f4872c5a1c1565a33c8b
  original:
    subdir: genvalidity-hspec-aeson
    url: https://github.com/NorfairKing/validity/archive/466bb2f140e62cae0d4fe3770681c3d74e99cf40.tar.gz
- completed:
    size: 113473
    subdir: genvalidity-hspec-binary
    url: https://github.com/NorfairKing/validity/archive/466bb2f140e62cae0d4fe3770681c3d74e99cf40.tar.gz
    name: genvalidity-hspec-binary
    version: 1.0.0.0
    sha256: 23deb3975d833fdcb093c49a65fd0cc5e976c9dd9da47baf382ed7f5b42b39e9
    pantry-tree:
      size: 417
      sha256: e6dec8f52c4be1b1bcad2474ed0f618e463da1b308a6c98359aedb7271a821c7
  original:
    subdir: genvalidity-hspec-binary
    url: https://github.com/NorfairKing/validity/archive/466bb2f140e62cae0d4fe3770681c3d74e99cf40.tar.gz
- completed:
    size: 113473
    subdir: genvalidity-hspec-cereal
    url: https://github.com/NorfairKing/validity/archive/466bb2f140e62cae0d4fe3770681c3d74e99cf40.tar.gz
    name: genvalidity-hspec-cereal
    version: 1.0.0.0
    sha256: 23deb3975d833fdcb093c49a65fd0cc5e976c9dd9da47baf382ed7f5b42b39e9
    pantry-tree:
      size: 466
      sha256: fc09f7e1275cd7771b277abc2a7db8258894eec65d84e8e0650f3fd0cb88e02c
  original:
    subdir: genvalidity-hspec-cereal
    url: https://github.com/NorfairKing/validity/archive/466bb2f140e62cae0d4fe3770681c3d74e99cf40.tar.gz
- completed:
    size: 113473
    subdir: genvalidity-hspec-hashable
    url: https://github.com/NorfairKing/validity/archive/466bb2f140e62cae0d4fe3770681c3d74e99cf40.tar.gz
    name: genvalidity-hspec-hashable
    version: 1.0.0.0
    sha256: 23deb3975d833fdcb093c49a65fd0cc5e976c9dd9da47baf382ed7f5b42b39e9
    pantry-tree:
      size: 424
      sha256: 690addb83ef6b50a5c4061248bb618f87de918e4f06917a58ae05eae5915549d
  original:
    subdir: genvalidity-hspec-hashable
    url: https://github.com/NorfairKing/validity/archive/466bb2f140e62cae0d4fe3770681c3d74e99cf40.tar.gz
- completed:
    size: 113473
    subdir: genvalidity-hspec-optics
    url: https://github.com/NorfairKing/validity/archive/466bb2f140e62cae0d4fe3770681c3d74e99cf40.tar.gz
    name: genvalidity-hspec-optics
    version: 1.0.0.0
    sha256: 23deb3975d833fdcb093c49a65fd0cc5e976c9dd9da47baf382ed7f5b42b39e9
    pantry-tree:
      size: 468
      sha256: 0acd8f49e238904e9b815c17f579c31c3fdaa278b07a588dc7c20180a229c219
  original:
    subdir: genvalidity-hspec-optics
    url: https://github.com/NorfairKing/validity/archive/466bb2f140e62cae0d4fe3770681c3d74e99cf40.tar.gz
- completed:
    size: 113473
    subdir: genvalidity-hspec-persistent
    url: https://github.com/NorfairKing/validity/archive/466bb2f140e62cae0d4fe3770681c3d74e99cf40.tar.gz
    name: genvalidity-hspec-persistent
    version: 1.0.0.0
    sha256: 23deb3975d833fdcb093c49a65fd0cc5e976c9dd9da47baf382ed7f5b42b39e9
    pantry-tree:
      size: 472
      sha256: f8034acb7eb2640b6a370f3fe3a04b93a67ca856e6885d868f8b5b4a909cdfe1
  original:
    subdir: genvalidity-hspec-persistent
    url: https://github.com/NorfairKing/validity/archive/466bb2f140e62cae0d4fe3770681c3d74e99cf40.tar.gz
- completed:
    size: 113473
    subdir: genvalidity-path
    url: https://github.com/NorfairKing/validity/archive/466bb2f140e62cae0d4fe3770681c3d74e99cf40.tar.gz
    name: genvalidity-path
    version: 1.0.0.0
    sha256: 23deb3975d833fdcb093c49a65fd0cc5e976c9dd9da47baf382ed7f5b42b39e9
    pantry-tree:
      size: 463
      sha256: a7d76485ae6f2e1d7364e6c1a48bc2bc3ae68186db0f051a35b5d534e5f7d549
  original:
    subdir: genvalidity-path
    url: https://github.com/NorfairKing/validity/archive/466bb2f140e62cae0d4fe3770681c3d74e99cf40.tar.gz
- completed:
    size: 113473
    subdir: genvalidity-persistent
    url: https://github.com/NorfairKing/validity/archive/466bb2f140e62cae0d4fe3770681c3d74e99cf40.tar.gz
    name: genvalidity-persistent
    version: 1.0.0.0
    sha256: 23deb3975d833fdcb093c49a65fd0cc5e976c9dd9da47baf382ed7f5b42b39e9
    pantry-tree:
      size: 478
      sha256: 2fc53dec788ab2d42336ff7600b0564bee1ca38f0e9a2057a525b1a579f43c43
  original:
    subdir: genvalidity-persistent
    url: https://github.com/NorfairKing/validity/archive/466bb2f140e62cae0d4fe3770681c3d74e99cf40.tar.gz
- completed:
    size: 113473
    subdir: genvalidity-property
    url: https://github.com/NorfairKing/validity/archive/466bb2f140e62cae0d4fe3770681c3d74e99cf40.tar.gz
    name: genvalidity-property
    version: 1.0.0.0
    sha256: 23deb3975d833fdcb093c49a65fd0cc5e976c9dd9da47baf382ed7f5b42b39e9
    pantry-tree:
      size: 2022
      sha256: 494f91d56ffabd357064535a60f37f9cd33406e9f35743020a8355b12b2371e5
  original:
    subdir: genvalidity-property
    url: https://github.com/NorfairKing/validity/archive/466bb2f140e62cae0d4fe3770681c3d74e99cf40.tar.gz
- completed:
    size: 113473
    subdir: genvalidity-scientific
    url: https://github.com/NorfairKing/validity/archive/466bb2f140e62cae0d4fe3770681c3d74e99cf40.tar.gz
    name: genvalidity-scientific
    version: 1.0.0.0
    sha256: 23deb3975d833fdcb093c49a65fd0cc5e976c9dd9da47baf382ed7f5b42b39e9
    pantry-tree:
      size: 428
      sha256: 75c2a4abdf97a81d16c25ebc6870dd05f5920be9ce87f27cfe4039814833816a
  original:
    subdir: genvalidity-scientific
    url: https://github.com/NorfairKing/validity/archive/466bb2f140e62cae0d4fe3770681c3d74e99cf40.tar.gz
- completed:
    size: 113473
    subdir: genvalidity-sydtest
    url: https://github.com/NorfairKing/validity/archive/466bb2f140e62cae0d4fe3770681c3d74e99cf40.tar.gz
    name: genvalidity-sydtest
    version: 1.0.0.0
    sha256: 23deb3975d833fdcb093c49a65fd0cc5e976c9dd9da47baf382ed7f5b42b39e9
    pantry-tree:
      size: 3914
      sha256: 19f4e6e9d8372f741f40526b8079bd560b51e75dafd7cfddd1dab6929be8e02c
  original:
    subdir: genvalidity-sydtest
    url: https://github.com/NorfairKing/validity/archive/466bb2f140e62cae0d4fe3770681c3d74e99cf40.tar.gz
- completed:
    size: 113473
    subdir: genvalidity-sydtest-aeson
    url: https://github.com/NorfairKing/validity/archive/466bb2f140e62cae0d4fe3770681c3d74e99cf40.tar.gz
    name: genvalidity-sydtest-aeson
    version: 1.0.0.0
    sha256: 23deb3975d833fdcb093c49a65fd0cc5e976c9dd9da47baf382ed7f5b42b39e9
    pantry-tree:
      size: 473
      sha256: 24814fce1f4e0214fd08016bba642655b9de097978c192c370acc60847fc0dc2
  original:
    subdir: genvalidity-sydtest-aeson
    url: https://github.com/NorfairKing/validity/archive/466bb2f140e62cae0d4fe3770681c3d74e99cf40.tar.gz
- completed:
    size: 113473
    subdir: genvalidity-sydtest-hashable
    url: https://github.com/NorfairKing/validity/archive/466bb2f140e62cae0d4fe3770681c3d74e99cf40.tar.gz
    name: genvalidity-sydtest-hashable
    version: 1.0.0.0
    sha256: 23deb3975d833fdcb093c49a65fd0cc5e976c9dd9da47baf382ed7f5b42b39e9
    pantry-tree:
      size: 434
      sha256: a57c3322659385a568a7dc0ec6287c880b55f262ec82e2fab1e40f35c80be5d3
  original:
    subdir: genvalidity-sydtest-hashable
    url: https://github.com/NorfairKing/validity/archive/466bb2f140e62cae0d4fe3770681c3d74e99cf40.tar.gz
- completed:
    size: 113473
    subdir: genvalidity-sydtest-lens
    url: https://github.com/NorfairKing/validity/archive/466bb2f140e62cae0d4fe3770681c3d74e99cf40.tar.gz
    name: genvalidity-sydtest-lens
    version: 1.0.0.0
    sha256: 23deb3975d833fdcb093c49a65fd0cc5e976c9dd9da47baf382ed7f5b42b39e9
    pantry-tree:
      size: 471
      sha256: 95c9a71349325f30ce6536c443e82374ce723a720b552db39470d00531cb1d02
  original:
    subdir: genvalidity-sydtest-lens
    url: https://github.com/NorfairKing/validity/archive/466bb2f140e62cae0d4fe3770681c3d74e99cf40.tar.gz
- completed:
    size: 113473
    subdir: genvalidity-sydtest-persistent
    url: https://github.com/NorfairKing/validity/archive/466bb2f140e62cae0d4fe3770681c3d74e99cf40.tar.gz
    name: genvalidity-sydtest-persistent
    version: 1.0.0.0
    sha256: 23deb3975d833fdcb093c49a65fd0cc5e976c9dd9da47baf382ed7f5b42b39e9
    pantry-tree:
      size: 482
      sha256: b46e9ba5fe4eb2f9de4ee80b07dcfce710a1b04446d22b03b31af39a70130eb4
  original:
    subdir: genvalidity-sydtest-persistent
    url: https://github.com/NorfairKing/validity/archive/466bb2f140e62cae0d4fe3770681c3d74e99cf40.tar.gz
- completed:
    size: 113473
    subdir: genvalidity-text
    url: https://github.com/NorfairKing/validity/archive/466bb2f140e62cae0d4fe3770681c3d74e99cf40.tar.gz
    name: genvalidity-text
    version: 1.0.0.0
    sha256: 23deb3975d833fdcb093c49a65fd0cc5e976c9dd9da47baf382ed7f5b42b39e9
    pantry-tree:
      size: 465
      sha256: 604aacb6e6d9be4d5b5fed7f9224ba521b41b8faa2143477a732db16ed8dc300
  original:
    subdir: genvalidity-text
    url: https://github.com/NorfairKing/validity/archive/466bb2f140e62cae0d4fe3770681c3d74e99cf40.tar.gz
- completed:
    size: 113473
    subdir: genvalidity-time
    url: https://github.com/NorfairKing/validity/archive/466bb2f140e62cae0d4fe3770681c3d74e99cf40.tar.gz
    name: genvalidity-time
    version: 1.0.0.0
    sha256: 23deb3975d833fdcb093c49a65fd0cc5e976c9dd9da47baf382ed7f5b42b39e9
    pantry-tree:
      size: 769
      sha256: 1d21bb76d020c22c647412149b57f44d84e0a92d7d8beea101b4251a9e2000ec
  original:
    subdir: genvalidity-time
    url: https://github.com/NorfairKing/validity/archive/466bb2f140e62cae0d4fe3770681c3d74e99cf40.tar.gz
- completed:
    size: 113473
    subdir: genvalidity-unordered-containers
    url: https://github.com/NorfairKing/validity/archive/466bb2f140e62cae0d4fe3770681c3d74e99cf40.tar.gz
    name: genvalidity-unordered-containers
    version: 1.0.0.0
    sha256: 23deb3975d833fdcb093c49a65fd0cc5e976c9dd9da47baf382ed7f5b42b39e9
    pantry-tree:
      size: 595
      sha256: a6696d2b5ffe9f3ef36704833bcd8fb8560e10cfb20924acc49b8c5492825239
  original:
    subdir: genvalidity-unordered-containers
    url: https://github.com/NorfairKing/validity/archive/466bb2f140e62cae0d4fe3770681c3d74e99cf40.tar.gz
- completed:
    size: 113473
    subdir: genvalidity-uuid
    url: https://github.com/NorfairKing/validity/archive/466bb2f140e62cae0d4fe3770681c3d74e99cf40.tar.gz
    name: genvalidity-uuid
    version: 1.0.0.0
    sha256: 23deb3975d833fdcb093c49a65fd0cc5e976c9dd9da47baf382ed7f5b42b39e9
    pantry-tree:
      size: 463
      sha256: a9171eef6b060658621afa9bb372fe53c88bb31f13d011b026f664b124d96c41
  original:
    subdir: genvalidity-uuid
    url: https://github.com/NorfairKing/validity/archive/466bb2f140e62cae0d4fe3770681c3d74e99cf40.tar.gz
- completed:
    size: 113473
    subdir: genvalidity-vector
    url: https://github.com/NorfairKing/validity/archive/466bb2f140e62cae0d4fe3770681c3d74e99cf40.tar.gz
    name: genvalidity-vector
    version: 1.0.0.0
    sha256: 23deb3975d833fdcb093c49a65fd0cc5e976c9dd9da47baf382ed7f5b42b39e9
    pantry-tree:
      size: 413
      sha256: 6cba82bf53112716b23101d3e587034891a2a7133cd23cceb088dbea00e0fcf5
  original:
    subdir: genvalidity-vector
    url: https://github.com/NorfairKing/validity/archive/466bb2f140e62cae0d4fe3770681c3d74e99cf40.tar.gz
- completed:
    size: 113473
    subdir: validity
    url: https://github.com/NorfairKing/validity/archive/466bb2f140e62cae0d4fe3770681c3d74e99cf40.tar.gz
    name: validity
    version: 0.12.0.0
    sha256: 23deb3975d833fdcb093c49a65fd0cc5e976c9dd9da47baf382ed7f5b42b39e9
    pantry-tree:
      size: 391
      sha256: 9cc065944d50877134d487f454c6e2a686a7dc87a6d347c0ff364daef5b4daa1
  original:
    subdir: validity
    url: https://github.com/NorfairKing/validity/archive/466bb2f140e62cae0d4fe3770681c3d74e99cf40.tar.gz
- completed:
    size: 113473
    subdir: validity-aeson
    url: https://github.com/NorfairKing/validity/archive/466bb2f140e62cae0d4fe3770681c3d74e99cf40.tar.gz
    name: validity-aeson
    version: 0.2.0.4
    sha256: 23deb3975d833fdcb093c49a65fd0cc5e976c9dd9da47baf382ed7f5b42b39e9
    pantry-tree:
      size: 405
      sha256: d9b024cc35724f907ce31f130a5a86c64f8e3a06f09e26448aa36be88e8fa14b
  original:
    subdir: validity-aeson
    url: https://github.com/NorfairKing/validity/archive/466bb2f140e62cae0d4fe3770681c3d74e99cf40.tar.gz
- completed:
    size: 113473
    subdir: validity-bytestring
    url: https://github.com/NorfairKing/validity/archive/466bb2f140e62cae0d4fe3770681c3d74e99cf40.tar.gz
    name: validity-bytestring
    version: 0.4.1.1
    sha256: 23deb3975d833fdcb093c49a65fd0cc5e976c9dd9da47baf382ed7f5b42b39e9
    pantry-tree:
      size: 292
      sha256: ba8cdeee52f1220338c333a19040414cc57fcb0502e79c3db511aa05d0c38474
  original:
    subdir: validity-bytestring
    url: https://github.com/NorfairKing/validity/archive/466bb2f140e62cae0d4fe3770681c3d74e99cf40.tar.gz
- completed:
    size: 113473
    subdir: validity-containers
    url: https://github.com/NorfairKing/validity/archive/466bb2f140e62cae0d4fe3770681c3d74e99cf40.tar.gz
    name: validity-containers
    version: 0.5.0.4
    sha256: 23deb3975d833fdcb093c49a65fd0cc5e976c9dd9da47baf382ed7f5b42b39e9
    pantry-tree:
      size: 554
      sha256: 0c2587e641fb93c272a61af7de6f6fb93f8e68eecd541792eaf61a95757a10aa
  original:
    subdir: validity-containers
    url: https://github.com/NorfairKing/validity/archive/466bb2f140e62cae0d4fe3770681c3d74e99cf40.tar.gz
- completed:
    size: 113473
    subdir: validity-path
    url: https://github.com/NorfairKing/validity/archive/466bb2f140e62cae0d4fe3770681c3d74e99cf40.tar.gz
    name: validity-path
    version: 0.4.0.1
    sha256: 23deb3975d833fdcb093c49a65fd0cc5e976c9dd9da47baf382ed7f5b42b39e9
    pantry-tree:
      size: 403
      sha256: 08a1830f96825bebfa8f5dab6db2df13348e17eba5b589a2ef52b2e5137f32e8
  original:
    subdir: validity-path
    url: https://github.com/NorfairKing/validity/archive/466bb2f140e62cae0d4fe3770681c3d74e99cf40.tar.gz
- completed:
    size: 113473
    subdir: validity-persistent
    url: https://github.com/NorfairKing/validity/archive/466bb2f140e62cae0d4fe3770681c3d74e99cf40.tar.gz
    name: validity-persistent
    version: 0.0.0.0
    sha256: 23deb3975d833fdcb093c49a65fd0cc5e976c9dd9da47baf382ed7f5b42b39e9
    pantry-tree:
      size: 285
      sha256: 3bd3e2c517817dd9fa3f5d4698321f6a72a59ea2608f609cb460abdb1ebccb42
  original:
    subdir: validity-persistent
    url: https://github.com/NorfairKing/validity/archive/466bb2f140e62cae0d4fe3770681c3d74e99cf40.tar.gz
- completed:
    size: 113473
    subdir: validity-primitive
    url: https://github.com/NorfairKing/validity/archive/466bb2f140e62cae0d4fe3770681c3d74e99cf40.tar.gz
    name: validity-primitive
    version: 0.0.0.1
    sha256: 23deb3975d833fdcb093c49a65fd0cc5e976c9dd9da47baf382ed7f5b42b39e9
    pantry-tree:
      size: 288
      sha256: 25639d2ab249e5181175bc9696625007e3ef22e56655fa78b37eaa5c326b9900
  original:
    subdir: validity-primitive
    url: https://github.com/NorfairKing/validity/archive/466bb2f140e62cae0d4fe3770681c3d74e99cf40.tar.gz
- completed:
    size: 113473
    subdir: validity-scientific
    url: https://github.com/NorfairKing/validity/archive/466bb2f140e62cae0d4fe3770681c3d74e99cf40.tar.gz
    name: validity-scientific
    version: 0.2.0.3
    sha256: 23deb3975d833fdcb093c49a65fd0cc5e976c9dd9da47baf382ed7f5b42b39e9
    pantry-tree:
      size: 290
      sha256: a82ffae296b56a81572086aec3f6ac439160492a408bce242fc0c8c478199208
  original:
    subdir: validity-scientific
    url: https://github.com/NorfairKing/validity/archive/466bb2f140e62cae0d4fe3770681c3d74e99cf40.tar.gz
- completed:
    size: 113473
    subdir: validity-text
    url: https://github.com/NorfairKing/validity/archive/466bb2f140e62cae0d4fe3770681c3d74e99cf40.tar.gz
    name: validity-text
    version: 0.3.1.2
    sha256: 23deb3975d833fdcb093c49a65fd0cc5e976c9dd9da47baf382ed7f5b42b39e9
    pantry-tree:
      size: 280
      sha256: 740b4254e25e2fcb0b3b6867194d9678f9d154eae493b5159a964fb2ae4fb41d
  original:
    subdir: validity-text
    url: https://github.com/NorfairKing/validity/archive/466bb2f140e62cae0d4fe3770681c3d74e99cf40.tar.gz
- completed:
    size: 113473
    subdir: validity-time
    url: https://github.com/NorfairKing/validity/archive/466bb2f140e62cae0d4fe3770681c3d74e99cf40.tar.gz
    name: validity-time
    version: 0.5.0.0
    sha256: 23deb3975d833fdcb093c49a65fd0cc5e976c9dd9da47baf382ed7f5b42b39e9
    pantry-tree:
      size: 573
      sha256: 11de2fab96f6a0fac82c4deb137770a51ad89c6e9941103b10ad5c9b5b3ceb3a
  original:
    subdir: validity-time
    url: https://github.com/NorfairKing/validity/archive/466bb2f140e62cae0d4fe3770681c3d74e99cf40.tar.gz
- completed:
    size: 113473
    subdir: validity-unordered-containers
    url: https://github.com/NorfairKing/validity/archive/466bb2f140e62cae0d4fe3770681c3d74e99cf40.tar.gz
    name: validity-unordered-containers
    version: 0.2.0.3
    sha256: 23deb3975d833fdcb093c49a65fd0cc5e976c9dd9da47baf382ed7f5b42b39e9
    pantry-tree:
      size: 446
      sha256: 1fbbef6441fecc0803ab9ef11255120de2716e4cb9a79f5ef60385a38bb131b9
  original:
    subdir: validity-unordered-containers
    url: https://github.com/NorfairKing/validity/archive/466bb2f140e62cae0d4fe3770681c3d74e99cf40.tar.gz
- completed:
    size: 113473
    subdir: validity-uuid
    url: https://github.com/NorfairKing/validity/archive/466bb2f140e62cae0d4fe3770681c3d74e99cf40.tar.gz
    name: validity-uuid
    version: 0.1.0.3
    sha256: 23deb3975d833fdcb093c49a65fd0cc5e976c9dd9da47baf382ed7f5b42b39e9
    pantry-tree:
      size: 278
      sha256: 5ffe191ef4812ea3910b25e80af18d367fadd3a4e95065facb7aa74c05a94fc0
  original:
    subdir: validity-uuid
    url: https://github.com/NorfairKing/validity/archive/466bb2f140e62cae0d4fe3770681c3d74e99cf40.tar.gz
- completed:
    size: 113473
    subdir: validity-vector
    url: https://github.com/NorfairKing/validity/archive/466bb2f140e62cae0d4fe3770681c3d74e99cf40.tar.gz
    name: validity-vector
    version: 0.2.0.3
    sha256: 23deb3975d833fdcb093c49a65fd0cc5e976c9dd9da47baf382ed7f5b42b39e9
    pantry-tree:
      size: 282
      sha256: e629550c5d2b3c4a7403514df00953664d3570b57bbf0dd6e9dcdd5aba787760
  original:
    subdir: validity-vector
    url: https://github.com/NorfairKing/validity/archive/466bb2f140e62cae0d4fe3770681c3d74e99cf40.tar.gz
- completed:
    size: 278735
    subdir: safe-coloured-text
    url: https://github.com/NorfairKing/safe-coloured-text/archive/2e61b50dfa65bed862aff903f574175cfc747e14.tar.gz
    name: safe-coloured-text
    version: 0.0.0.0
    sha256: c4860786eb8018fc6741000d0ec1de89e7d6b7f800af6c81f7708ff1abf34c3b
    pantry-tree:
      size: 427
      sha256: 946034326b05c263569703fa14d9ee8250f42b1f2e35b95b85dfa5f04e8c3511
  original:
    subdir: safe-coloured-text
    url: https://github.com/NorfairKing/safe-coloured-text/archive/2e61b50dfa65bed862aff903f574175cfc747e14.tar.gz
- completed:
    size: 278735
    subdir: safe-coloured-text-terminfo
    url: https://github.com/NorfairKing/safe-coloured-text/archive/2e61b50dfa65bed862aff903f574175cfc747e14.tar.gz
    name: safe-coloured-text-terminfo
    version: 0.0.0.0
    sha256: c4860786eb8018fc6741000d0ec1de89e7d6b7f800af6c81f7708ff1abf34c3b
    pantry-tree:
      size: 256
      sha256: 79aab06adf9c3e88b911b82b1cc71eecce566d67cb8b56d28952f2355d7a44de
  original:
    subdir: safe-coloured-text-terminfo
    url: https://github.com/NorfairKing/safe-coloured-text/archive/2e61b50dfa65bed862aff903f574175cfc747e14.tar.gz
- completed:
    size: 322628
    subdir: sydtest
    url: https://github.com/NorfairKing/sydtest/archive/aac96e2e520a4fca97bccd3403721dc0036b026f.tar.gz
    name: sydtest
    version: 0.9.0.0
    sha256: c135ebf6ec746111f0dc10625b78d6afcdc68db9253fedfd585c1004a30b2065
    pantry-tree:
      size: 3181
      sha256: 23c2b5df2e55e266dac56a81e62d9b16349c9038343e675239b5ea08731da825
  original:
    subdir: sydtest
    url: https://github.com/NorfairKing/sydtest/archive/aac96e2e520a4fca97bccd3403721dc0036b026f.tar.gz
- completed:
    size: 322628
    subdir: sydtest-discover
    url: https://github.com/NorfairKing/sydtest/archive/aac96e2e520a4fca97bccd3403721dc0036b026f.tar.gz
    name: sydtest-discover
    version: 0.0.0.1
    sha256: c135ebf6ec746111f0dc10625b78d6afcdc68db9253fedfd585c1004a30b2065
    pantry-tree:
      size: 434
      sha256: 3889ae26601f20e36db5c699a3f5e60bec04b3fdf82d9808521e1102fd105880
  original:
    subdir: sydtest-discover
    url: https://github.com/NorfairKing/sydtest/archive/aac96e2e520a4fca97bccd3403721dc0036b026f.tar.gz
- completed:
    size: 322628
    subdir: sydtest-process
    url: https://github.com/NorfairKing/sydtest/archive/aac96e2e520a4fca97bccd3403721dc0036b026f.tar.gz
    name: sydtest-process
    version: 0.0.0.0
    sha256: c135ebf6ec746111f0dc10625b78d6afcdc68db9253fedfd585c1004a30b2065
    pantry-tree:
      size: 400
      sha256: 74672025663fba0b40d02f8bf902df06e2c070df18281640e386fbaa14ed8319
  original:
    subdir: sydtest-process
    url: https://github.com/NorfairKing/sydtest/archive/aac96e2e520a4fca97bccd3403721dc0036b026f.tar.gz
- completed:
    size: 322628
    subdir: sydtest-typed-process
    url: https://github.com/NorfairKing/sydtest/archive/aac96e2e520a4fca97bccd3403721dc0036b026f.tar.gz
    name: sydtest-typed-process
    version: 0.0.0.0
    sha256: c135ebf6ec746111f0dc10625b78d6afcdc68db9253fedfd585c1004a30b2065
    pantry-tree:
      size: 418
      sha256: 6a49ed4fa52875579c86738d6424d9adb3e2725a15bf65f2a6b507c5f50068f2
  original:
    subdir: sydtest-typed-process
    url: https://github.com/NorfairKing/sydtest/archive/aac96e2e520a4fca97bccd3403721dc0036b026f.tar.gz
- completed:
    size: 322628
    subdir: sydtest-wai
    url: https://github.com/NorfairKing/sydtest/archive/aac96e2e520a4fca97bccd3403721dc0036b026f.tar.gz
    name: sydtest-wai
    version: 0.2.0.0
    sha256: c135ebf6ec746111f0dc10625b78d6afcdc68db9253fedfd585c1004a30b2065
    pantry-tree:
      size: 776
      sha256: 6dc65ca849a8e8eb425b3b95fcf27f4d50c5646e8b6d001dd31f30d6769d6971
  original:
    subdir: sydtest-wai
    url: https://github.com/NorfairKing/sydtest/archive/aac96e2e520a4fca97bccd3403721dc0036b026f.tar.gz
- completed:
    size: 322628
    subdir: sydtest-yesod
    url: https://github.com/NorfairKing/sydtest/archive/aac96e2e520a4fca97bccd3403721dc0036b026f.tar.gz
    name: sydtest-yesod
    version: 0.3.0.0
    sha256: c135ebf6ec746111f0dc10625b78d6afcdc68db9253fedfd585c1004a30b2065
    pantry-tree:
      size: 1049
      sha256: 12bd09eac157834e795a83caff03dbc098eac79191021c4a0bc3af0256d69570
  original:
    subdir: sydtest-yesod
    url: https://github.com/NorfairKing/sydtest/archive/aac96e2e520a4fca97bccd3403721dc0036b026f.tar.gz
- completed:
    size: 62528
    subdir: autodocodec
    url: https://github.com/NorfairKing/autodocodec/archive/be340221275c6a26be6afe80548d2b834df0dbcf.tar.gz
    name: autodocodec
    version: 0.0.1.0
    sha256: fb31e5bbe5a746ddd15237c55c51ac6a670167aa2e545c9004ab674a9151167e
    pantry-tree:
      size: 789
      sha256: bf5fcd9fcdb4c25d838def764d6fa17bc16176304ee6e5dd3606977dc53323cf
  original:
    subdir: autodocodec
    url: https://github.com/NorfairKing/autodocodec/archive/be340221275c6a26be6afe80548d2b834df0dbcf.tar.gz
- completed:
    size: 62528
    subdir: autodocodec-yaml
    url: https://github.com/NorfairKing/autodocodec/archive/be340221275c6a26be6afe80548d2b834df0dbcf.tar.gz
    name: autodocodec-yaml
    version: 0.1.0.1
    sha256: fb31e5bbe5a746ddd15237c55c51ac6a670167aa2e545c9004ab674a9151167e
    pantry-tree:
      size: 540
      sha256: ab21512ebf56fe55b794451da17c5f746e42748fed0e1d03a50613d5410114ab
  original:
    subdir: autodocodec-yaml
    url: https://github.com/NorfairKing/autodocodec/archive/be340221275c6a26be6afe80548d2b834df0dbcf.tar.gz
- completed:
    size: 62528
    subdir: autodocodec-schema
    url: https://github.com/NorfairKing/autodocodec/archive/be340221275c6a26be6afe80548d2b834df0dbcf.tar.gz
    name: autodocodec-schema
    version: 0.1.0.0
    sha256: fb31e5bbe5a746ddd15237c55c51ac6a670167aa2e545c9004ab674a9151167e
    pantry-tree:
      size: 336
      sha256: 29000820b2be961dcbae4128267736c7bc3dd8a2f43108bb736d5c75e590e5e1
  original:
    subdir: autodocodec-schema
    url: https://github.com/NorfairKing/autodocodec/archive/be340221275c6a26be6afe80548d2b834df0dbcf.tar.gz
snapshots:
- completed:
    size: 586106
    url: https://raw.githubusercontent.com/commercialhaskell/stackage-snapshots/master/lts/18/20.yaml
    sha256: 8699812d2b2c1f83d6ad1261de9cf628ed36a1cfc14f19d67188e005e7a3a39d
  original: lts-18.20
