# This file was autogenerated by Stack.
# You should not edit this file by hand.
# For more information, please see the documentation at:
#   https://docs.haskellstack.org/en/stable/lock_files

packages:
- completed:
    hackage: envparse-0.4.1@sha256:989902e6368532548f61de1fa245ad2b39176cddd8743b20071af519a709ce30,2842
    pantry-tree:
      size: 1180
      sha256: 35044d67979fe2a5cff05cf8736a06a265592433cdd03e13a72908ceed892612
  original:
    hackage: envparse-0.4.1@sha256:989902e6368532548f61de1fa245ad2b39176cddd8743b20071af519a709ce30,2842
- completed:
    hackage: yamlparse-applicative-0.1.0.2@sha256:bda91f2818c1b5b124963931cb7f9a4e5758d026c09713e9ae2234534062747d,2133
    pantry-tree:
      size: 799
      sha256: d7f9dc8e45e6c100a902f0595e6090169705d9451793ef1cb896237334a1b529
  original:
    hackage: yamlparse-applicative-0.1.0.2@sha256:bda91f2818c1b5b124963931cb7f9a4e5758d026c09713e9ae2234534062747d,2133
- completed:
    size: 278735
    subdir: safe-coloured-text
    url: https://github.com/NorfairKing/safe-coloured-text/archive/2e61b50dfa65bed862aff903f574175cfc747e14.tar.gz
    name: safe-coloured-text
    version: 0.0.0.0
    sha256: c4860786eb8018fc6741000d0ec1de89e7d6b7f800af6c81f7708ff1abf34c3b
    pantry-tree:
      size: 427
      sha256: 946034326b05c263569703fa14d9ee8250f42b1f2e35b95b85dfa5f04e8c3511
  original:
    subdir: safe-coloured-text
    url: https://github.com/NorfairKing/safe-coloured-text/archive/2e61b50dfa65bed862aff903f574175cfc747e14.tar.gz
- completed:
    size: 278735
    subdir: safe-coloured-text-terminfo
    url: https://github.com/NorfairKing/safe-coloured-text/archive/2e61b50dfa65bed862aff903f574175cfc747e14.tar.gz
    name: safe-coloured-text-terminfo
    version: 0.0.0.0
    sha256: c4860786eb8018fc6741000d0ec1de89e7d6b7f800af6c81f7708ff1abf34c3b
    pantry-tree:
      size: 256
      sha256: 79aab06adf9c3e88b911b82b1cc71eecce566d67cb8b56d28952f2355d7a44de
  original:
    subdir: safe-coloured-text-terminfo
    url: https://github.com/NorfairKing/safe-coloured-text/archive/2e61b50dfa65bed862aff903f574175cfc747e14.tar.gz
- completed:
    size: 322628
    subdir: sydtest
    url: https://github.com/NorfairKing/sydtest/archive/aac96e2e520a4fca97bccd3403721dc0036b026f.tar.gz
    name: sydtest
    version: 0.9.0.0
    sha256: c135ebf6ec746111f0dc10625b78d6afcdc68db9253fedfd585c1004a30b2065
    pantry-tree:
      size: 3181
      sha256: 23c2b5df2e55e266dac56a81e62d9b16349c9038343e675239b5ea08731da825
  original:
    subdir: sydtest
    url: https://github.com/NorfairKing/sydtest/archive/aac96e2e520a4fca97bccd3403721dc0036b026f.tar.gz
- completed:
    size: 322628
    subdir: sydtest-discover
    url: https://github.com/NorfairKing/sydtest/archive/aac96e2e520a4fca97bccd3403721dc0036b026f.tar.gz
    name: sydtest-discover
    version: 0.0.0.1
    sha256: c135ebf6ec746111f0dc10625b78d6afcdc68db9253fedfd585c1004a30b2065
    pantry-tree:
      size: 434
      sha256: 3889ae26601f20e36db5c699a3f5e60bec04b3fdf82d9808521e1102fd105880
  original:
    subdir: sydtest-discover
    url: https://github.com/NorfairKing/sydtest/archive/aac96e2e520a4fca97bccd3403721dc0036b026f.tar.gz
- completed:
    size: 322628
    subdir: sydtest-process
    url: https://github.com/NorfairKing/sydtest/archive/aac96e2e520a4fca97bccd3403721dc0036b026f.tar.gz
    name: sydtest-process
    version: 0.0.0.0
    sha256: c135ebf6ec746111f0dc10625b78d6afcdc68db9253fedfd585c1004a30b2065
    pantry-tree:
      size: 400
      sha256: 74672025663fba0b40d02f8bf902df06e2c070df18281640e386fbaa14ed8319
  original:
    subdir: sydtest-process
    url: https://github.com/NorfairKing/sydtest/archive/aac96e2e520a4fca97bccd3403721dc0036b026f.tar.gz
- completed:
    size: 322628
    subdir: sydtest-typed-process
    url: https://github.com/NorfairKing/sydtest/archive/aac96e2e520a4fca97bccd3403721dc0036b026f.tar.gz
    name: sydtest-typed-process
    version: 0.0.0.0
    sha256: c135ebf6ec746111f0dc10625b78d6afcdc68db9253fedfd585c1004a30b2065
    pantry-tree:
      size: 418
      sha256: 6a49ed4fa52875579c86738d6424d9adb3e2725a15bf65f2a6b507c5f50068f2
  original:
    subdir: sydtest-typed-process
    url: https://github.com/NorfairKing/sydtest/archive/aac96e2e520a4fca97bccd3403721dc0036b026f.tar.gz
- completed:
    size: 322628
    subdir: sydtest-wai
    url: https://github.com/NorfairKing/sydtest/archive/aac96e2e520a4fca97bccd3403721dc0036b026f.tar.gz
    name: sydtest-wai
    version: 0.2.0.0
    sha256: c135ebf6ec746111f0dc10625b78d6afcdc68db9253fedfd585c1004a30b2065
    pantry-tree:
      size: 776
      sha256: 6dc65ca849a8e8eb425b3b95fcf27f4d50c5646e8b6d001dd31f30d6769d6971
  original:
    subdir: sydtest-wai
    url: https://github.com/NorfairKing/sydtest/archive/aac96e2e520a4fca97bccd3403721dc0036b026f.tar.gz
- completed:
    size: 322628
    subdir: sydtest-yesod
    url: https://github.com/NorfairKing/sydtest/archive/aac96e2e520a4fca97bccd3403721dc0036b026f.tar.gz
    name: sydtest-yesod
    version: 0.3.0.0
    sha256: c135ebf6ec746111f0dc10625b78d6afcdc68db9253fedfd585c1004a30b2065
    pantry-tree:
      size: 1049
      sha256: 12bd09eac157834e795a83caff03dbc098eac79191021c4a0bc3af0256d69570
  original:
    subdir: sydtest-yesod
    url: https://github.com/NorfairKing/sydtest/archive/aac96e2e520a4fca97bccd3403721dc0036b026f.tar.gz
- completed:
    size: 62528
    subdir: autodocodec
    url: https://github.com/NorfairKing/autodocodec/archive/be340221275c6a26be6afe80548d2b834df0dbcf.tar.gz
    name: autodocodec
    version: 0.0.1.0
    sha256: fb31e5bbe5a746ddd15237c55c51ac6a670167aa2e545c9004ab674a9151167e
    pantry-tree:
      size: 789
      sha256: bf5fcd9fcdb4c25d838def764d6fa17bc16176304ee6e5dd3606977dc53323cf
  original:
    subdir: autodocodec
    url: https://github.com/NorfairKing/autodocodec/archive/be340221275c6a26be6afe80548d2b834df0dbcf.tar.gz
- completed:
    size: 62528
    subdir: autodocodec-yaml
    url: https://github.com/NorfairKing/autodocodec/archive/be340221275c6a26be6afe80548d2b834df0dbcf.tar.gz
    name: autodocodec-yaml
    version: 0.1.0.1
    sha256: fb31e5bbe5a746ddd15237c55c51ac6a670167aa2e545c9004ab674a9151167e
    pantry-tree:
      size: 540
      sha256: ab21512ebf56fe55b794451da17c5f746e42748fed0e1d03a50613d5410114ab
  original:
    subdir: autodocodec-yaml
    url: https://github.com/NorfairKing/autodocodec/archive/be340221275c6a26be6afe80548d2b834df0dbcf.tar.gz
- completed:
    size: 62528
    subdir: autodocodec-schema
    url: https://github.com/NorfairKing/autodocodec/archive/be340221275c6a26be6afe80548d2b834df0dbcf.tar.gz
    name: autodocodec-schema
    version: 0.1.0.0
    sha256: fb31e5bbe5a746ddd15237c55c51ac6a670167aa2e545c9004ab674a9151167e
    pantry-tree:
      size: 336
      sha256: 29000820b2be961dcbae4128267736c7bc3dd8a2f43108bb736d5c75e590e5e1
  original:
    subdir: autodocodec-schema
    url: https://github.com/NorfairKing/autodocodec/archive/be340221275c6a26be6afe80548d2b834df0dbcf.tar.gz
snapshots:
- completed:
    size: 586106
    url: https://raw.githubusercontent.com/commercialhaskell/stackage-snapshots/master/lts/18/20.yaml
    sha256: 8699812d2b2c1f83d6ad1261de9cf628ed36a1cfc14f19d67188e005e7a3a39d
  original: lts-18.20
